
Microsoft Visual Studio Solution File, Format Version 12.00
# Visual Studio 15
VisualStudioVersion = 15.0.28307.645
MinimumVisualStudioVersion = 10.0.40219.1
Project("{FAE04EC0-301F-11D3-BF4B-00C04F79EFBC}") = "ATWebLogger", "ATWebLogger\ATWebLogger.csproj", "{3DF34ECE-C821-45C2-8659-709187B46580}"
EndProject
Project("{FAE04EC0-301F-11D3-BF4B-00C04F79EFBC}") = "ATWebLogger.Core", "ATWebLogger.Core\ATWebLogger.Core.csproj", "{DE79E6A1-DF82-4D51-B394-C99CB55C0A75}"
EndProject
Project("{FAE04EC0-301F-11D3-BF4B-00C04F79EFBC}") = "WindowsFormsApp1", "WindowsFormsApp1\WindowsFormsApp1.csproj", "{3154CA1A-ED5C-4D47-BB68-4ACDF9846CEC}"
EndProject
Project("{FAE04EC0-301F-11D3-BF4B-00C04F79EFBC}") = "SendSMS", "SendSMS\SendSMS.csproj", "{355B0FEB-398F-4C6D-B17C-32C1AD92E630}"
EndProject
Global
	GlobalSection(SolutionConfigurationPlatforms) = preSolution
		Debug|Any CPU = Debug|Any CPU
		Release|Any CPU = Release|Any CPU
	EndGlobalSection
	GlobalSection(ProjectConfigurationPlatforms) = postSolution
		{3DF34ECE-C821-45C2-8659-709187B46580}.Debug|Any CPU.ActiveCfg = Debug|Any CPU
		{3DF34ECE-C821-45C2-8659-709187B46580}.Debug|Any CPU.Build.0 = Debug|Any CPU
		{3DF34ECE-C821-45C2-8659-709187B46580}.Release|Any CPU.ActiveCfg = Release|Any CPU
		{3DF34ECE-C821-45C2-8659-709187B46580}.Release|Any CPU.Build.0 = Release|Any CPU
		{DE79E6A1-DF82-4D51-B394-C99CB55C0A75}.Debug|Any CPU.ActiveCfg = Debug|Any CPU
		{DE79E6A1-DF82-4D51-B394-C99CB55C0A75}.Debug|Any CPU.Build.0 = Debug|Any CPU
		{DE79E6A1-DF82-4D51-B394-C99CB55C0A75}.Release|Any CPU.ActiveCfg = Release|Any CPU
		{DE79E6A1-DF82-4D51-B394-C99CB55C0A75}.Release|Any CPU.Build.0 = Release|Any CPU
		{3154CA1A-ED5C-4D47-BB68-4ACDF9846CEC}.Debug|Any CPU.ActiveCfg = Debug|Any CPU
		{3154CA1A-ED5C-4D47-BB68-4ACDF9846CEC}.Debug|Any CPU.Build.0 = Debug|Any CPU
		{3154CA1A-ED5C-4D47-BB68-4ACDF9846CEC}.Release|Any CPU.ActiveCfg = Release|Any CPU
		{3154CA1A-ED5C-4D47-BB68-4ACDF9846CEC}.Release|Any CPU.Build.0 = Release|Any CPU
		{355B0FEB-398F-4C6D-B17C-32C1AD92E630}.Debug|Any CPU.ActiveCfg = Debug|Any CPU
		{355B0FEB-398F-4C6D-B17C-32C1AD92E630}.Debug|Any CPU.Build.0 = Debug|Any CPU
		{355B0FEB-398F-4C6D-B17C-32C1AD92E630}.Release|Any CPU.ActiveCfg = Release|Any CPU
		{355B0FEB-398F-4C6D-B17C-32C1AD92E630}.Release|Any CPU.Build.0 = Release|Any CPU
	EndGlobalSection
	GlobalSection(SolutionProperties) = preSolution
		HideSolutionNode = FALSE
	EndGlobalSection
	GlobalSection(ExtensibilityGlobals) = postSolution
		SolutionGuid = {0C091419-7E85-4649-973E-789B73580D3B}
	EndGlobalSection
EndGlobal
